
Microsoft Visual Studio Solution File, Format Version 12.00
# Visual Studio 15
Project("{FAE04EC0-301F-11D3-BF4B-00C04F79EFBC}") = "Assembly-CSharp", "Assembly-CSharp.csproj", "{B4949653-426A-9B7E-94D6-CC1E696CE348}"
EndProject
Global
	GlobalSection(SolutionConfigurationPlatforms) = preSolution
		Debug|Any CPU = Debug|Any CPU
		Release|Any CPU = Release|Any CPU
	EndGlobalSection
	GlobalSection(ProjectConfigurationPlatforms) = postSolution
		{B4949653-426A-9B7E-94D6-CC1E696CE348}.Debug|Any CPU.ActiveCfg = Debug|Any CPU
		{B4949653-426A-9B7E-94D6-CC1E696CE348}.Debug|Any CPU.Build.0 = Debug|Any CPU
		{B4949653-426A-9B7E-94D6-CC1E696CE348}.Release|Any CPU.ActiveCfg = Release|Any CPU
		{B4949653-426A-9B7E-94D6-CC1E696CE348}.Release|Any CPU.Build.0 = Release|Any CPU
	EndGlobalSection
	GlobalSection(SolutionProperties) = preSolution
		HideSolutionNode = FALSE
	EndGlobalSection
EndGlobal
